
Microsoft Visual Studio Solution File, Format Version 12.00
# Visual Studio 2012
Project("{2150E333-8FDC-42A3-9474-1A3956D46DE8}") = ".nuget", ".nuget", "{7CB26D40-7652-4CDF-B264-74A8418284BE}"
	ProjectSection(SolutionItems) = preProject
		.nuget\NuGet.Config = .nuget\NuGet.Config
		.nuget\NuGet.exe = .nuget\NuGet.exe
		.nuget\NuGet.targets = .nuget\NuGet.targets
	EndProjectSection
EndProject
Project("{FAE04EC0-301F-11D3-BF4B-00C04F79EFBC}") = "Markit", "Markit\Markit.csproj", "{2F091DF0-D398-444C-92B9-7606B383DADC}"
EndProject
Global
	GlobalSection(SolutionConfigurationPlatforms) = preSolution
		Debug|Any CPU = Debug|Any CPU
		Release|Any CPU = Release|Any CPU
	EndGlobalSection
	GlobalSection(ProjectConfigurationPlatforms) = postSolution
		{2F091DF0-D398-444C-92B9-7606B383DADC}.Debug|Any CPU.ActiveCfg = Debug|Any CPU
		{2F091DF0-D398-444C-92B9-7606B383DADC}.Debug|Any CPU.Build.0 = Debug|Any CPU
		{2F091DF0-D398-444C-92B9-7606B383DADC}.Release|Any CPU.ActiveCfg = Release|Any CPU
		{2F091DF0-D398-444C-92B9-7606B383DADC}.Release|Any CPU.Build.0 = Release|Any CPU
	EndGlobalSection
	GlobalSection(SolutionProperties) = preSolution
		HideSolutionNode = FALSE
	EndGlobalSection
EndGlobal
